
Microsoft Visual Studio Solution File, Format Version 12.00
# Visual Studio Version 17
VisualStudioVersion = 17.1.32319.34
MinimumVisualStudioVersion = 10.0.40219.1
Project("{FAE04EC0-301F-11D3-BF4B-00C04F79EFBC}") = "GPrinterHttp", "GPrinterHttp\GPrinterHttp.csproj", "{C2C8843A-4664-4AC0-B201-ADCDBD5CC73B}"
EndProject
Project("{FAE04EC0-301F-11D3-BF4B-00C04F79EFBC}") = "GPrinterControl", "GPrinterControl\GPrinterControl.csproj", "{28543BB1-1683-4D05-B813-A6FCA6AA9DBA}"
EndProject
Global
	GlobalSection(SolutionConfigurationPlatforms) = preSolution
		Debug|Any CPU = Debug|Any CPU
		Release|Any CPU = Release|Any CPU
	EndGlobalSection
	GlobalSection(ProjectConfigurationPlatforms) = postSolution
		{C2C8843A-4664-4AC0-B201-ADCDBD5CC73B}.Debug|Any CPU.ActiveCfg = Debug|Any CPU
		{C2C8843A-4664-4AC0-B201-ADCDBD5CC73B}.Debug|Any CPU.Build.0 = Debug|Any CPU
		{C2C8843A-4664-4AC0-B201-ADCDBD5CC73B}.Release|Any CPU.ActiveCfg = Release|Any CPU
		{C2C8843A-4664-4AC0-B201-ADCDBD5CC73B}.Release|Any CPU.Build.0 = Release|Any CPU
		{28543BB1-1683-4D05-B813-A6FCA6AA9DBA}.Debug|Any CPU.ActiveCfg = Debug|Any CPU
		{28543BB1-1683-4D05-B813-A6FCA6AA9DBA}.Debug|Any CPU.Build.0 = Debug|Any CPU
		{28543BB1-1683-4D05-B813-A6FCA6AA9DBA}.Release|Any CPU.ActiveCfg = Release|Any CPU
		{28543BB1-1683-4D05-B813-A6FCA6AA9DBA}.Release|Any CPU.Build.0 = Release|Any CPU
	EndGlobalSection
	GlobalSection(SolutionProperties) = preSolution
		HideSolutionNode = FALSE
	EndGlobalSection
	GlobalSection(ExtensibilityGlobals) = postSolution
		SolutionGuid = {E57AD97A-154B-4CD2-B85A-5CE6E5A4C34D}
	EndGlobalSection
EndGlobal
